
Microsoft Visual Studio Solution File, Format Version 12.00
# Visual Studio Version 17
VisualStudioVersion = 17.14.35906.104 d17.14
MinimumVisualStudioVersion = 10.0.40219.1
Project("{54A90642-561A-4BB1-A94E-469ADEE60C69}") = "marketino.client", "marketino.client\marketino.client.esproj", "{D14948C3-A9A2-0FF5-0DE1-D46CBD91E624}"
EndProject
Project("{FAE04EC0-301F-11D3-BF4B-00C04F79EFBC}") = "Marketino.Server", "Marketino.Server\Marketino.Server.csproj", "{EECE27CB-A879-408F-9CA6-6E47D11168E0}"
EndProject
Global
	GlobalSection(SolutionConfigurationPlatforms) = preSolution
		Debug|Any CPU = Debug|Any CPU
		Release|Any CPU = Release|Any CPU
	EndGlobalSection
	GlobalSection(ProjectConfigurationPlatforms) = postSolution
		{D14948C3-A9A2-0FF5-0DE1-D46CBD91E624}.Debug|Any CPU.ActiveCfg = Debug|Any CPU
		{D14948C3-A9A2-0FF5-0DE1-D46CBD91E624}.Debug|Any CPU.Build.0 = Debug|Any CPU
		{D14948C3-A9A2-0FF5-0DE1-D46CBD91E624}.Debug|Any CPU.Deploy.0 = Debug|Any CPU
		{D14948C3-A9A2-0FF5-0DE1-D46CBD91E624}.Release|Any CPU.ActiveCfg = Release|Any CPU
		{D14948C3-A9A2-0FF5-0DE1-D46CBD91E624}.Release|Any CPU.Build.0 = Release|Any CPU
		{D14948C3-A9A2-0FF5-0DE1-D46CBD91E624}.Release|Any CPU.Deploy.0 = Release|Any CPU
		{EECE27CB-A879-408F-9CA6-6E47D11168E0}.Debug|Any CPU.ActiveCfg = Debug|Any CPU
		{EECE27CB-A879-408F-9CA6-6E47D11168E0}.Debug|Any CPU.Build.0 = Debug|Any CPU
		{EECE27CB-A879-408F-9CA6-6E47D11168E0}.Release|Any CPU.ActiveCfg = Release|Any CPU
		{EECE27CB-A879-408F-9CA6-6E47D11168E0}.Release|Any CPU.Build.0 = Release|Any CPU
	EndGlobalSection
	GlobalSection(SolutionProperties) = preSolution
		HideSolutionNode = FALSE
	EndGlobalSection
	GlobalSection(ExtensibilityGlobals) = postSolution
		SolutionGuid = {51B5213F-2B84-4373-8175-57588824C1B2}
	EndGlobalSection
EndGlobal
